
Microsoft Visual Studio Solution File, Format Version 12.00
# Visual Studio Version 16
VisualStudioVersion = 16.0.31605.320
MinimumVisualStudioVersion = 10.0.40219.1
Project("{FAE04EC0-301F-11D3-BF4B-00C04F79EFBC}") = "Ex_fix_set_dict", "Ex_fix_set_dict\Ex_fix_set_dict.csproj", "{B9027C6B-9D01-46E4-95A9-5270E0AA63E7}"
EndProject
Global
	GlobalSection(SolutionConfigurationPlatforms) = preSolution
		Debug|Any CPU = Debug|Any CPU
		Release|Any CPU = Release|Any CPU
	EndGlobalSection
	GlobalSection(ProjectConfigurationPlatforms) = postSolution
		{B9027C6B-9D01-46E4-95A9-5270E0AA63E7}.Debug|Any CPU.ActiveCfg = Debug|Any CPU
		{B9027C6B-9D01-46E4-95A9-5270E0AA63E7}.Debug|Any CPU.Build.0 = Debug|Any CPU
		{B9027C6B-9D01-46E4-95A9-5270E0AA63E7}.Release|Any CPU.ActiveCfg = Release|Any CPU
		{B9027C6B-9D01-46E4-95A9-5270E0AA63E7}.Release|Any CPU.Build.0 = Release|Any CPU
	EndGlobalSection
	GlobalSection(SolutionProperties) = preSolution
		HideSolutionNode = FALSE
	EndGlobalSection
	GlobalSection(ExtensibilityGlobals) = postSolution
		SolutionGuid = {B1C068B9-163A-44E0-9E1C-14848FDA292C}
	EndGlobalSection
EndGlobal
